
Microsoft Visual Studio Solution File, Format Version 12.00
# Visual Studio Version 16
VisualStudioVersion = 16.0.31205.134
MinimumVisualStudioVersion = 10.0.40219.1
Project("{FAE04EC0-301F-11D3-BF4B-00C04F79EFBC}") = "MvcNews", "MvcNews\MvcNews.csproj", "{2C4F4FD7-139E-4D51-ACE2-619B97FEADD7}"
EndProject
Global
	GlobalSection(SolutionConfigurationPlatforms) = preSolution
		Debug|Any CPU = Debug|Any CPU
		Release|Any CPU = Release|Any CPU
	EndGlobalSection
	GlobalSection(ProjectConfigurationPlatforms) = postSolution
		{2C4F4FD7-139E-4D51-ACE2-619B97FEADD7}.Debug|Any CPU.ActiveCfg = Debug|Any CPU
		{2C4F4FD7-139E-4D51-ACE2-619B97FEADD7}.Debug|Any CPU.Build.0 = Debug|Any CPU
		{2C4F4FD7-139E-4D51-ACE2-619B97FEADD7}.Release|Any CPU.ActiveCfg = Release|Any CPU
		{2C4F4FD7-139E-4D51-ACE2-619B97FEADD7}.Release|Any CPU.Build.0 = Release|Any CPU
	EndGlobalSection
	GlobalSection(SolutionProperties) = preSolution
		HideSolutionNode = FALSE
	EndGlobalSection
	GlobalSection(ExtensibilityGlobals) = postSolution
		SolutionGuid = {7DA969E0-4C23-46D9-93B7-76D8FC8B4989}
	EndGlobalSection
EndGlobal
